
Microsoft Visual Studio Solution File, Format Version 12.00
# Visual Studio Version 17
VisualStudioVersion = 17.0.31903.59
MinimumVisualStudioVersion = 10.0.40219.1
Project("{FAE04EC0-301F-11D3-BF4B-00C04F79EFBC}") = "Crawler", "Crawler\Crawler.csproj", "{332CF2B6-A23A-4399-99DC-58B882C48AAB}"
EndProject
Global
	GlobalSection(SolutionConfigurationPlatforms) = preSolution
		Debug|Any CPU = Debug|Any CPU
		Release|Any CPU = Release|Any CPU
	EndGlobalSection
	GlobalSection(SolutionProperties) = preSolution
		HideSolutionNode = FALSE
	EndGlobalSection
	GlobalSection(ProjectConfigurationPlatforms) = postSolution
		{332CF2B6-A23A-4399-99DC-58B882C48AAB}.Debug|Any CPU.ActiveCfg = Debug|Any CPU
		{332CF2B6-A23A-4399-99DC-58B882C48AAB}.Debug|Any CPU.Build.0 = Debug|Any CPU
		{332CF2B6-A23A-4399-99DC-58B882C48AAB}.Release|Any CPU.ActiveCfg = Release|Any CPU
		{332CF2B6-A23A-4399-99DC-58B882C48AAB}.Release|Any CPU.Build.0 = Release|Any CPU
	EndGlobalSection
EndGlobal
